// !$*UTF8*$!
{
	archiveVersion = 1;
	classes = {
	};
	objectVersion = 48;
	objects = {

/* Begin PBXBuildFile section */
		1BA692DE1FB9B07100D585FA /* AppDelegate.swift in Sources */ = {isa = PBXBuildFile; fileRef = 1BA692DD1FB9B07100D585FA /* AppDelegate.swift */; };
		1BA692E01FB9B07100D585FA /* ViewController.swift in Sources */ = {isa = PBXBuildFile; fileRef = 1BA692DF1FB9B07100D585FA /* ViewController.swift */; };
		1BA692E31FB9B07100D585FA /* Main.storyboard in Resources */ = {isa = PBXBuildFile; fileRef = 1BA692E11FB9B07100D585FA /* Main.storyboard */; };
		1BA692E51FB9B07100D585FA /* Assets.xcassets in Resources */ = {isa = PBXBuildFile; fileRef = 1BA692E41FB9B07100D585FA /* Assets.xcassets */; };
		1BA692E81FB9B07100D585FA /* LaunchScreen.storyboard in Resources */ = {isa = PBXBuildFile; fileRef = 1BA692E61FB9B07100D585FA /* LaunchScreen.storyboard */; };
		1BA692F31FB9B07100D585FA /* gittestapp2Tests.swift in Sources */ = {isa = PBXBuildFile; fileRef = 1BA692F21FB9B07100D585FA /* gittestapp2Tests.swift */; };
/* End PBXBuildFile section */

/* Begin PBXContainerItemProxy section */
		1BA692EF1FB9B07100D585FA /* PBXContainerItemProxy */ = {
			isa = PBXContainerItemProxy;
			containerPortal = 1BA692D21FB9B07100D585FA /* Project object */;
			proxyType = 1;
			remoteGlobalIDString = 1BA692D91FB9B07100D585FA;
			remoteInfo = gittestapp2;
		};
/* End PBXContainerItemProxy section */

/* Begin PBXFileReference section */
		1BA692DA1FB9B07100D585FA /* gittestapp2.app */ = {isa = PBXFileReference; explicitFileType = wrapper.application; includeInIndex = 0; path = gittestapp2.app; sourceTree = BUILT_PRODUCTS_DIR; };
		1BA692DD1FB9B07100D585FA /* AppDelegate.swift */ = {isa = PBXFileReference; lastKnownFileType = sourcecode.swift; path = AppDelegate.swift; sourceTree = "<group>"; };
		1BA692DF1FB9B07100D585FA /* ViewController.swift */ = {isa = PBXFileReference; lastKnownFileType = sourcecode.swift; path = ViewController.swift; sourceTree = "<group>"; };
		1BA692E21FB9B07100D585FA /* Base */ = {isa = PBXFileReference; lastKnownFileType = file.storyboard; name = Base; path = Base.lproj/Main.storyboard; sourceTree = "<group>"; };
		1BA692E41FB9B07100D585FA /* Assets.xcassets */ = {isa = PBXFileReference; lastKnownFileType = folder.assetcatalog; path = Assets.xcassets; sourceTree = "<group>"; };
		1BA692E71FB9B07100D585FA /* Base */ = {isa = PBXFileReference; lastKnownFileType = file.storyboard; name = Base; path = Base.lproj/LaunchScreen.storyboard; sourceTree = "<group>"; };
		1BA692E91FB9B07100D585FA /* Info.plist */ = {isa = PBXFileReference; lastKnownFileType = text.plist.xml; path = Info.plist; sourceTree = "<group>"; };
		1BA692EE1FB9B07100D585FA /* gittestapp2Tests.xctest */ = {isa = PBXFileReference; explicitFileType = wrapper.cfbundle; includeInIndex = 0; path = gittestapp2Tests.xctest; sourceTree = BUILT_PRODUCTS_DIR; };
		1BA692F21FB9B07100D585FA /* gittestapp2Tests.swift */ = {isa = PBXFileReference; lastKnownFileType = sourcecode.swift; path = gittestapp2Tests.swift; sourceTree = "<group>"; };
		1BA692F41FB9B07100D585FA /* Info.plist */ = {isa = PBXFileReference; lastKnownFileType = text.plist.xml; path = Info.plist; sourceTree = "<group>"; };
/* End PBXFileReference section */

/* Begin PBXFrameworksBuildPhase section */
		1BA692D71FB9B07100D585FA /* Frameworks */ = {
			isa = PBXFrameworksBuildPhase;
			buildActionMask = 2147483647;
			files = (
			);
			runOnlyForDeploymentPostprocessing = 0;
		};
		1BA692EB1FB9B07100D585FA /* Frameworks */ = {
			isa = PBXFrameworksBuildPhase;
			buildActionMask = 2147483647;
			files = (
			);
			runOnlyForDeploymentPostprocessing = 0;
		};
/* End PBXFrameworksBuildPhase section */

/* Begin PBXGroup section */
		1BA692D11FB9B07100D585FA = {
			isa = PBXGroup;
			children = (
				1BA692DC1FB9B07100D585FA /* gittestapp2 */,
				1BA692F11FB9B07100D585FA /* gittestapp2Tests */,
				1BA692DB1FB9B07100D585FA /* Products */,
			);
			sourceTree = "<group>";
		};
		1BA692DB1FB9B07100D585FA /* Products */ = {
			isa = PBXGroup;
			children = (
				1BA692DA1FB9B07100D585FA /* gittestapp2.app */,
				1BA692EE1FB9B07100D585FA /* gittestapp2Tests.xctest */,
			);
			name = Products;
			sourceTree = "<group>";
		};
		1BA692DC1FB9B07100D585FA /* gittestapp2 */ = {
			isa = PBXGroup;
			children = (
				1BA692DD1FB9B07100D585FA /* AppDelegate.swift */,
				1BA692DF1FB9B07100D585FA /* ViewController.swift */,
				1BA692E11FB9B07100D585FA /* Main.storyboard */,
				1BA692E41FB9B07100D585FA /* Assets.xcassets */,
				1BA692E61FB9B07100D585FA /* LaunchScreen.storyboard */,
				1BA692E91FB9B07100D585FA /* Info.plist */,
			);
			path = gittestapp2;
			sourceTree = "<group>";
		};
		1BA692F11FB9B07100D585FA /* gittestapp2Tests */ = {
			isa = PBXGroup;
			children = (
				1BA692F21FB9B07100D585FA /* gittestapp2Tests.swift */,
				1BA692F41FB9B07100D585FA /* Info.plist */,
			);
			path = gittestapp2Tests;
			sourceTree = "<group>";
		};
/* End PBXGroup section */

/* Begin PBXNativeTarget section */
		1BA692D91FB9B07100D585FA /* gittestapp2 */ = {
			isa = PBXNativeTarget;
			buildConfigurationList = 1BA692F71FB9B07100D585FA /* Build configuration list for PBXNativeTarget "gittestapp2" */;
			buildPhases = (
				1BA692D61FB9B07100D585FA /* Sources */,
				1BA692D71FB9B07100D585FA /* Frameworks */,
				1BA692D81FB9B07100D585FA /* Resources */,
			);
			buildRules = (
			);
			dependencies = (
			);
			name = gittestapp2;
			productName = gittestapp2;
			productReference = 1BA692DA1FB9B07100D585FA /* gittestapp2.app */;
			productType = "com.apple.product-type.application";
		};
		1BA692ED1FB9B07100D585FA /* gittestapp2Tests */ = {
			isa = PBXNativeTarget;
			buildConfigurationList = 1BA692FA1FB9B07100D585FA /* Build configuration list for PBXNativeTarget "gittestapp2Tests" */;
			buildPhases = (
				1BA692EA1FB9B07100D585FA /* Sources */,
				1BA692EB1FB9B07100D585FA /* Frameworks */,
				1BA692EC1FB9B07100D585FA /* Resources */,
			);
			buildRules = (
			);
			dependencies = (
				1BA692F01FB9B07100D585FA /* PBXTargetDependency */,
			);
			name = gittestapp2Tests;
			productName = gittestapp2Tests;
			productReference = 1BA692EE1FB9B07100D585FA /* gittestapp2Tests.xctest */;
			productType = "com.apple.product-type.bundle.unit-test";
		};
/* End PBXNativeTarget section */

/* Begin PBXProject section */
		1BA692D21FB9B07100D585FA /* Project object */ = {
			isa = PBXProject;
			attributes = {
				LastSwiftUpdateCheck = 0910;
				LastUpgradeCheck = 0910;
				ORGANIZATIONNAME = "Kevin O'Brien";
				TargetAttributes = {
					1BA692D91FB9B07100D585FA = {
						CreatedOnToolsVersion = 9.1;
						ProvisioningStyle = Automatic;
					};
					1BA692ED1FB9B07100D585FA = {
						CreatedOnToolsVersion = 9.1;
						ProvisioningStyle = Automatic;
						TestTargetID = 1BA692D91FB9B07100D585FA;
					};
				};
			};
			buildConfigurationList = 1BA692D51FB9B07100D585FA /* Build configuration list for PBXProject "gittestapp2" */;
			compatibilityVersion = "Xcode 8.0";
			developmentRegion = en;
			hasScannedForEncodings = 0;
			knownRegions = (
				en,
				Base,
			);
			mainGroup = 1BA692D11FB9B07100D585FA;
			productRefGroup = 1BA692DB1FB9B07100D585FA /* Products */;
			projectDirPath = "";
			projectRoot = "";
			targets = (
				1BA692D91FB9B07100D585FA /* gittestapp2 */,
				1BA692ED1FB9B07100D585FA /* gittestapp2Tests */,
			);
		};
/* End PBXProject section */

/* Begin PBXResourcesBuildPhase section */
		1BA692D81FB9B07100D585FA /* Resources */ = {
			isa = PBXResourcesBuildPhase;
			buildActionMask = 2147483647;
			files = (
				1BA692E81FB9B07100D585FA /* LaunchScreen.storyboard in Resources */,
				1BA692E51FB9B07100D585FA /* Assets.xcassets in Resources */,
				1BA692E31FB9B07100D585FA /* Main.storyboard in Resources */,
			);
			runOnlyForDeploymentPostprocessing = 0;
		};
		1BA692EC1FB9B07100D585FA /* Resources */ = {
			isa = PBXResourcesBuildPhase;
			buildActionMask = 2147483647;
			files = (
			);
			runOnlyForDeploymentPostprocessing = 0;
		};
/* End PBXResourcesBuildPhase section */

/* Begin PBXSourcesBuildPhase section */
		1BA692D61FB9B07100D585FA /* Sources */ = {
			isa = PBXSourcesBuildPhase;
			buildActionMask = 2147483647;
			files = (
				1BA692E01FB9B07100D585FA /* ViewController.swift in Sources */,
				1BA692DE1FB9B07100D585FA /* AppDelegate.swift in Sources */,
			);
			runOnlyForDeploymentPostprocessing = 0;
		};
		1BA692EA1FB9B07100D585FA /* Sources */ = {
			isa = PBXSourcesBuildPhase;
			buildActionMask = 2147483647;
			files = (
				1BA692F31FB9B07100D585FA /* gittestapp2Tests.swift in Sources */,
			);
			runOnlyForDeploymentPostprocessing = 0;
		};
/* End PBXSourcesBuildPhase section */

/* Begin PBXTargetDependency section */
		1BA692F01FB9B07100D585FA /* PBXTargetDependency */ = {
			isa = PBXTargetDependency;
			target = 1BA692D91FB9B07100D585FA /* gittestapp2 */;
			targetProxy = 1BA692EF1FB9B07100D585FA /* PBXContainerItemProxy */;
		};
/* End PBXTargetDependency section */

/* Begin PBXVariantGroup section */
		1BA692E11FB9B07100D585FA /* Main.storyboard */ = {
			isa = PBXVariantGroup;
			children = (
				1BA692E21FB9B07100D585FA /* Base */,
			);
			name = Main.storyboard;
			sourceTree = "<group>";
		};
		1BA692E61FB9B07100D585FA /* LaunchScreen.storyboard */ = {
			isa = PBXVariantGroup;
			children = (
				1BA692E71FB9B07100D585FA /* Base */,
			);
			name = LaunchScreen.storyboard;
			sourceTree = "<group>";
		};
/* End PBXVariantGroup section */

/* Begin XCBuildConfiguration section */
		1BA692F51FB9B07100D585FA /* Debug */ = {
			isa = XCBuildConfiguration;
			buildSettings = {
				ALWAYS_SEARCH_USER_PATHS = NO;
				CLANG_ANALYZER_NONNULL = YES;
				CLANG_ANALYZER_NUMBER_OBJECT_CONVERSION = YES_AGGRESSIVE;
				CLANG_CXX_LANGUAGE_STANDARD = "gnu++14";
				CLANG_CXX_LIBRARY = "libc++";
				CLANG_ENABLE_MODULES = YES;
				CLANG_ENABLE_OBJC_ARC = YES;
				CLANG_WARN_BLOCK_CAPTURE_AUTORELEASING = YES;
				CLANG_WARN_BOOL_CONVERSION = YES;
				CLANG_WARN_COMMA = YES;
				CLANG_WARN_CONSTANT_CONVERSION = YES;
				CLANG_WARN_DIRECT_OBJC_ISA_USAGE = YES_ERROR;
				CLANG_WARN_DOCUMENTATION_COMMENTS = YES;
				CLANG_WARN_EMPTY_BODY = YES;
				CLANG_WARN_ENUM_CONVERSION = YES;
				CLANG_WARN_INFINITE_RECURSION = YES;
				CLANG_WARN_INT_CONVERSION = YES;
				CLANG_WARN_NON_LITERAL_NULL_CONVERSION = YES;
				CLANG_WARN_OBJC_LITERAL_CONVERSION = YES;
				CLANG_WARN_OBJC_ROOT_CLASS = YES_ERROR;
				CLANG_WARN_RANGE_LOOP_ANALYSIS = YES;
				CLANG_WARN_STRICT_PROTOTYPES = YES;
				CLANG_WARN_SUSPICIOUS_MOVE = YES;
				CLANG_WARN_UNGUARDED_AVAILABILITY = YES_AGGRESSIVE;
				CLANG_WARN_UNREACHABLE_CODE = YES;
				CLANG_WARN__DUPLICATE_METHOD_MATCH = YES;
				CODE_SIGN_IDENTITY = "iPhone Developer";
				COPY_PHASE_STRIP = NO;
				DEBUG_INFORMATION_FORMAT = dwarf;
				ENABLE_STRICT_OBJC_MSGSEND = YES;
				ENABLE_TESTABILITY = YES;
				GCC_C_LANGUAGE_STANDARD = gnu11;
				GCC_DYNAMIC_NO_PIC = NO;
				GCC_NO_COMMON_BLOCKS = YES;
				GCC_OPTIMIZATION_LEVEL = 0;
				GCC_PREPROCESSOR_DEFINITIONS = (
					"DEBUG=1",
					"$(inherited)",
				);
				GCC_WARN_64_TO_32_BIT_CONVERSION = YES;
				GCC_WARN_ABOUT_RETURN_TYPE = YES_ERROR;
				GCC_WARN_UNDECLARED_SELECTOR = YES;
				GCC_WARN_UNINITIALIZED_AUTOS = YES_AGGRESSIVE;
				GCC_WARN_UNUSED_FUNCTION = YES;
				GCC_WARN_UNUSED_VARIABLE = YES;
				IPHONEOS_DEPLOYMENT_TARGET = 11.1;
				MTL_ENABLE_DEBUG_INFO = YES;
				ONLY_ACTIVE_ARCH = YES;
				SDKROOT = iphoneos;
				SWIFT_ACTIVE_COMPILATION_CONDITIONS = DEBUG;
				SWIFT_OPTIMIZATION_LEVEL = "-Onone";
			};
			name = Debug;
		};
		1BA692F61FB9B07100D585FA /* Release */ = {
			isa = XCBuildConfiguration;
			buildSettings = {
				ALWAYS_SEARCH_USER_PATHS = NO;
				CLANG_ANALYZER_NONNULL = YES;
				CLANG_ANALYZER_NUMBER_OBJECT_CONVERSION = YES_AGGRESSIVE;
				CLANG_CXX_LANGUAGE_STANDARD = "gnu++14";
				CLANG_CXX_LIBRARY = "libc++";
				CLANG_ENABLE_MODULES = YES;
				CLANG_ENABLE_OBJC_ARC = YES;
				CLANG_WARN_BLOCK_CAPTURE_AUTORELEASING = YES;
				CLANG_WARN_BOOL_CONVERSION = YES;
				CLANG_WARN_COMMA = YES;
				CLANG_WARN_CONSTANT_CONVERSION = YES;
				CLANG_WARN_DIRECT_OBJC_ISA_USAGE = YES_ERROR;
				CLANG_WARN_DOCUMENTATION_COMMENTS = YES;
				CLANG_WARN_EMPTY_BODY = YES;
				CLANG_WARN_ENUM_CONVERSION = YES;
				CLANG_WARN_INFINITE_RECURSION = YES;
				CLANG_WARN_INT_CONVERSION = YES;
				CLANG_WARN_NON_LITERAL_NULL_CONVERSION = YES;
				CLANG_WARN_OBJC_LITERAL_CONVERSION = YES;
				CLANG_WARN_OBJC_ROOT_CLASS = YES_ERROR;
				CLANG_WARN_RANGE_LOOP_ANALYSIS = YES;
				CLANG_WARN_STRICT_PROTOTYPES = YES;
				CLANG_WARN_SUSPICIOUS_MOVE = YES;
				CLANG_WARN_UNGUARDED_AVAILABILITY = YES_AGGRESSIVE;
				CLANG_WARN_UNREACHABLE_CODE = YES;
				CLANG_WARN__DUPLICATE_METHOD_MATCH = YES;
				CODE_SIGN_IDENTITY = "iPhone Developer";
				COPY_PHASE_STRIP = NO;
				DEBUG_INFORMATION_FORMAT = "dwarf-with-dsym";
				ENABLE_NS_ASSERTIONS = NO;
				ENABLE_STRICT_OBJC_MSGSEND = YES;
				GCC_C_LANGUAGE_STANDARD = gnu11;
				GCC_NO_COMMON_BLOCKS = YES;
				GCC_WARN_64_TO_32_BIT_CONVERSION = YES;
				GCC_WARN_ABOUT_RETURN_TYPE = YES_ERROR;
				GCC_WARN_UNDECLARED_SELECTOR = YES;
				GCC_WARN_UNINITIALIZED_AUTOS = YES_AGGRESSIVE;
				GCC_WARN_UNUSED_FUNCTION = YES;
				GCC_WARN_UNUSED_VARIABLE = YES;
				IPHONEOS_DEPLOYMENT_TARGET = 11.1;
				MTL_ENABLE_DEBUG_INFO = NO;
				SDKROOT = iphoneos;
				SWIFT_OPTIMIZATION_LEVEL = "-Owholemodule";
				VALIDATE_PRODUCT = YES;
			};
			name = Release;
		};
		1BA692F81FB9B07100D585FA /* Debug */ = {
			isa = XCBuildConfiguration;
			buildSettings = {
				ASSETCATALOG_COMPILER_APPICON_NAME = AppIcon;
				CODE_SIGN_STYLE = Automatic;
				DEVELOPMENT_TEAM = 3YV8N2N7TB;
				INFOPLIST_FILE = gittestapp2/Info.plist;
				LD_RUNPATH_SEARCH_PATHS = "$(inherited) @executable_path/Frameworks";
				PRODUCT_BUNDLE_IDENTIFIER = com.example.gittestapp2;
				PRODUCT_NAME = "$(TARGET_NAME)";
				SWIFT_VERSION = 4.0;
				TARGETED_DEVICE_FAMILY = "1,2";
			};
			name = Debug;
		};
		1BA692F91FB9B07100D585FA /* Release */ = {
			isa = XCBuildConfiguration;
			buildSettings = {
				ASSETCATALOG_COMPILER_APPICON_NAME = AppIcon;
				CODE_SIGN_STYLE = Automatic;
				DEVELOPMENT_TEAM = 3YV8N2N7TB;
				INFOPLIST_FILE = gittestapp2/Info.plist;
				LD_RUNPATH_SEARCH_PATHS = "$(inherited) @executable_path/Frameworks";
				PRODUCT_BUNDLE_IDENTIFIER = com.example.gittestapp2;
				PRODUCT_NAME = "$(TARGET_NAME)";
				SWIFT_VERSION = 4.0;
				TARGETED_DEVICE_FAMILY = "1,2";
			};
			name = Release;
		};
		1BA692FB1FB9B07100D585FA /* Debug */ = {
			isa = XCBuildConfiguration;
			buildSettings = {
				ALWAYS_EMBED_SWIFT_STANDARD_LIBRARIES = YES;
				BUNDLE_LOADER = "$(TEST_HOST)";
				CODE_SIGN_STYLE = Automatic;
				DEVELOPMENT_TEAM = 3YV8N2N7TB;
				INFOPLIST_FILE = gittestapp2Tests/Info.plist;
				LD_RUNPATH_SEARCH_PATHS = "$(inherited) @executable_path/Frameworks @loader_path/Frameworks";
				PRODUCT_BUNDLE_IDENTIFIER = com.example.gittestapp2Tests;
				PRODUCT_NAME = "$(TARGET_NAME)";
				SWIFT_VERSION = 4.0;
				TARGETED_DEVICE_FAMILY = "1,2";
				TEST_HOST = "$(BUILT_PRODUCTS_DIR)/gittestapp2.app/gittestapp2";
			};
			name = Debug;
		};
		1BA692FC1FB9B07100D585FA /* Release */ = {
			isa = XCBuildConfiguration;
			buildSettings = {
				ALWAYS_EMBED_SWIFT_STANDARD_LIBRARIES = YES;
				BUNDLE_LOADER = "$(TEST_HOST)";
				CODE_SIGN_STYLE = Automatic;
				DEVELOPMENT_TEAM = 3YV8N2N7TB;
				INFOPLIST_FILE = gittestapp2Tests/Info.plist;
				LD_RUNPATH_SEARCH_PATHS = "$(inherited) @executable_path/Frameworks @loader_path/Frameworks";
				PRODUCT_BUNDLE_IDENTIFIER = com.example.gittestapp2Tests;
				PRODUCT_NAME = "$(TARGET_NAME)";
				SWIFT_VERSION = 4.0;
				TARGETED_DEVICE_FAMILY = "1,2";
				TEST_HOST = "$(BUILT_PRODUCTS_DIR)/gittestapp2.app/gittestapp2";
			};
			name = Release;
		};
/* End XCBuildConfiguration section */

/* Begin XCConfigurationList section */
		1BA692D51FB9B07100D585FA /* Build configuration list for PBXProject "gittestapp2" */ = {
			isa = XCConfigurationList;
			buildConfigurations = (
				1BA692F51FB9B07100D585FA /* Debug */,
				1BA692F61FB9B07100D585FA /* Release */,
			);
			defaultConfigurationIsVisible = 0;
			defaultConfigurationName = Release;
		};
		1BA692F71FB9B07100D585FA /* Build configuration list for PBXNativeTarget "gittestapp2" */ = {
			isa = XCConfigurationList;
			buildConfigurations = (
				1BA692F81FB9B07100D585FA /* Debug */,
				1BA692F91FB9B07100D585FA /* Release */,
			);
			defaultConfigurationIsVisible = 0;
			defaultConfigurationName = Release;
		};
		1BA692FA1FB9B07100D585FA /* Build configuration list for PBXNativeTarget "gittestapp2Tests" */ = {
			isa = XCConfigurationList;
			buildConfigurations = (
				1BA692FB1FB9B07100D585FA /* Debug */,
				1BA692FC1FB9B07100D585FA /* Release */,
			);
			defaultConfigurationIsVisible = 0;
			defaultConfigurationName = Release;
		};
/* End XCConfigurationList section */
	};
	rootObject = 1BA692D21FB9B07100D585FA /* Project object */;
}
